PODS:
  - Alamofire (4.5.1)
  - AlamofireImage (3.3.0):
    - Alamofire (~> 4.5)
  - CCBottomRefreshControl (0.5.2)
  - HockeySDK (5.0.0):
    - HockeySDK/DefaultLib (= 5.0.0)
  - HockeySDK/DefaultLib (5.0.0)
  - Kanna (2.1.1)
  - lottie-ios (2.1.3)
  - Pushwoosh (5.3.7)
  - SwiftyXMLParser (3.0.3)
  - Woopra (0.0.1)

DEPENDENCIES:
  - Alamofire (~> 4.4)
  - AlamofireImage (~> 3.1)
  - CCBottomRefreshControl
  - HockeySDK
  - Kanna (~> 2.1.0)
  - lottie-ios
  - Pushwoosh
  - SwiftyXMLParser (from `https://github.com/yahoojapan/SwiftyXMLParser.git`)
  - Woopra

EXTERNAL SOURCES:
  SwiftyXMLParser:
    :git: https://github.com/yahoojapan/SwiftyXMLParser.git

CHECKOUT OPTIONS:
  SwiftyXMLParser:
    :commit: 717181c312510135be4724a33e37fa9e3af76548
    :git: https://github.com/yahoojapan/SwiftyXMLParser.git

SPEC CHECKSUMS:
  Alamofire: 2d95912bf4c34f164fdfc335872e8c312acaea4a
  AlamofireImage: 2e784dc5d00f04903a52c1d169181469c805c3df
  CCBottomRefreshControl: 389780b4488321c91d18f66a6da5ef9606df6de5
  HockeySDK: 82bf8dcbe1af3c87c24dc98924fcf2e2ba5be8c4
  Kanna: 9b4b086c218703f2b94f5b21a466217dd2f9332e
  lottie-ios: 8c150606598931621e927377f1426d2d3e99282d
  Pushwoosh: 91a4a341a37a5ce9f23cba68a909950fced10a8f
  SwiftyXMLParser: acca46f5a8f0728cf0e618736d8a7fc7822abcbe
  Woopra: 1e0e6eefe0b7965e251c52c198c20bad95e90e0c

PODFILE CHECKSUM: c3fa2b5c744df8eeb16332a74d92b72350aa6d1e

COCOAPODS: 1.3.1
