PODS:
  - Alamofire (4.8.1)
  - AlamofireImage (3.5.0):
    - Alamofire (~> 4.8)
  - CCBottomRefreshControl (0.5.2)
  - HockeySDK (5.1.4):
    - HockeySDK/DefaultLib (= 5.1.4)
  - HockeySDK/DefaultLib (5.1.4)
  - Kanna (4.0.3)
  - lottie-ios (2.5.2)
  - OneSignal (2.9.5)
  - SwiftyXMLParser (4.3.0)
  - Woopra (0.0.1)
  - YoutubeKit (0.4.0)

DEPENDENCIES:
  - Alamofire (~> 4.4)
  - AlamofireImage (~> 3.1)
  - CCBottomRefreshControl
  - HockeySDK
  - Kanna (~> 4.0.0)
  - lottie-ios
  - OneSignal (< 3.0, >= 2.6.2)
  - SwiftyXMLParser (from `https://github.com/yahoojapan/SwiftyXMLParser.git`)
  - Woopra
  - YoutubeKit

SPEC REPOS:
  https://github.com/CocoaPods/Specs.git:
    - Alamofire
    - AlamofireImage
    - CCBottomRefreshControl
    - HockeySDK
    - Kanna
    - lottie-ios
    - OneSignal
    - Woopra
    - YoutubeKit

EXTERNAL SOURCES:
  SwiftyXMLParser:
    :git: https://github.com/yahoojapan/SwiftyXMLParser.git

CHECKOUT OPTIONS:
  SwiftyXMLParser:
    :commit: ddfbd6383cbd5c44d207430268bd4e0003766bcd
    :git: https://github.com/yahoojapan/SwiftyXMLParser.git

SPEC CHECKSUMS:
  Alamofire: 16ce2c353fb72865124ddae8a57c5942388f4f11
  AlamofireImage: 1aea346f4dda2f6c67622fa5a89fcbb80d79cc16
  CCBottomRefreshControl: 389780b4488321c91d18f66a6da5ef9606df6de5
  HockeySDK: c2b7e0afce4587af7b6264ab0fd854f5876afaa6
  Kanna: 0ebbdd0e7e3308f0aafbd569e79c8cadc5eb877c
  lottie-ios: 3fef45d3fabe63e3c7c2eb603dd64ddfffc73062
  OneSignal: ccdeb961882f8668305e5b694e2cb7cb325fc907
  SwiftyXMLParser: b2e0b0dd0e0fb1ac39869dd4a0c6181847af2945
  Woopra: 1e0e6eefe0b7965e251c52c198c20bad95e90e0c
  YoutubeKit: 10c74151790b570001b19403d2c60b2fb540a1fe

PODFILE CHECKSUM: 332d3e487a7b5e72d5c50277d682bafe02d82882

COCOAPODS: 1.8.3
