PODS:
  - Alamofire (4.9.1)
  - AlamofireImage (3.6.0):
    - Alamofire (~> 4.9)
  - CCBottomRefreshControl (0.5.2)
  - Kanna (4.0.3)
  - lottie-ios (4.1.2)
  - SwiftyXMLParser (5.5.0)
  - Woopra (0.0.1)
  - YoutubeKit (0.8.0)

DEPENDENCIES:
  - Alamofire (~> 4.4)
  - AlamofireImage (~> 3.1)
  - CCBottomRefreshControl
  - Kanna (~> 4.0.0)
  - lottie-ios
  - SwiftyXMLParser (from `https://github.com/yahoojapan/SwiftyXMLParser.git`)
  - Woopra
  - YoutubeKit

SPEC REPOS:
  trunk:
    - Alamofire
    - AlamofireImage
    - CCBottomRefreshControl
    - Kanna
    - lottie-ios
    - Woopra
    - YoutubeKit

EXTERNAL SOURCES:
  SwiftyXMLParser:
    :git: https://github.com/yahoojapan/SwiftyXMLParser.git

CHECKOUT OPTIONS:
  SwiftyXMLParser:
    :commit: d7a1d23f04c86c1cd2e8f19247dd15d74e0ea8be
    :git: https://github.com/yahoojapan/SwiftyXMLParser.git

SPEC CHECKSUMS:
  Alamofire: 85e8a02c69d6020a0d734f6054870d7ecb75cf18
  AlamofireImage: be9963c6582d68b39e89191f64c82a7d7bf40fdd
  CCBottomRefreshControl: 389780b4488321c91d18f66a6da5ef9606df6de5
  Kanna: 0ebbdd0e7e3308f0aafbd569e79c8cadc5eb877c
  lottie-ios: b3846a9fa8ca1a1a3bebfa256ebe8b6fd4aaaaad
  SwiftyXMLParser: 027d9e6fb54a38d95dccec025bcea9693f699c47
  Woopra: 1e0e6eefe0b7965e251c52c198c20bad95e90e0c
  YoutubeKit: 22d35bb9f52bf403cecf37424c67e3399ca4d412

PODFILE CHECKSUM: 705a6278e0b359b764cad0656b23431d08f569d2

COCOAPODS: 1.11.3
